// !$*UTF8*$!
{
	archiveVersion = 1;
	classes = {
	};
	objectVersion = 50;
	objects = {

/* Begin PBXBuildFile section */
		530CC56C21A75ECD00E1BCE0 /* CoreDataStack.swift in Sources */ = {isa = PBXBuildFile; fileRef = 530CC56B21A75ECD00E1BCE0 /* CoreDataStack.swift */; };
		530CC57221AC2B6000E1BCE0 /* PhotoAlbumViewController.swift in Sources */ = {isa = PBXBuildFile; fileRef = 530CC57121AC2B6000E1BCE0 /* PhotoAlbumViewController.swift */; };
		53175027218B9E7D002A87FB /* LocationCollectionViewCell.swift in Sources */ = {isa = PBXBuildFile; fileRef = 53175026218B9E7D002A87FB /* LocationCollectionViewCell.swift */; };
		537C76622195FACB00451965 /* FlickerService.swift in Sources */ = {isa = PBXBuildFile; fileRef = 537C76612195FACB00451965 /* FlickerService.swift */; };
		53A1F1A6219377D70024BDD1 /* ServiceManager.swift in Sources */ = {isa = PBXBuildFile; fileRef = 53A1F1A5219377D70024BDD1 /* ServiceManager.swift */; };
		53A1F1AC21937C520024BDD1 /* Enums.swift in Sources */ = {isa = PBXBuildFile; fileRef = 53A1F1A721937C520024BDD1 /* Enums.swift */; };
		53A1F1AD21937C520024BDD1 /* URLFactory.swift in Sources */ = {isa = PBXBuildFile; fileRef = 53A1F1A821937C520024BDD1 /* URLFactory.swift */; };
		53A1F1AE21937C520024BDD1 /* EnvironmentVariables.swift in Sources */ = {isa = PBXBuildFile; fileRef = 53A1F1A921937C520024BDD1 /* EnvironmentVariables.swift */; };
		53A1F1AF21937C520024BDD1 /* JSONResponse.swift in Sources */ = {isa = PBXBuildFile; fileRef = 53A1F1AA21937C520024BDD1 /* JSONResponse.swift */; };
		53A1F1B021937C520024BDD1 /* ServiceError.swift in Sources */ = {isa = PBXBuildFile; fileRef = 53A1F1AB21937C520024BDD1 /* ServiceError.swift */; };
		9E27AD0621894C3C00FFC5D2 /* AlertHelper.swift in Sources */ = {isa = PBXBuildFile; fileRef = 9E27AD0521894C3C00FFC5D2 /* AlertHelper.swift */; };
		9E27AD0C21895DB600FFC5D2 /* MapViewController.swift in Sources */ = {isa = PBXBuildFile; fileRef = 9E27AD0B21895DB600FFC5D2 /* MapViewController.swift */; };
		9E3801E321A4A3C2001870FA /* Model.xcdatamodeld in Sources */ = {isa = PBXBuildFile; fileRef = 9E3801DC21A4A3C1001870FA /* Model.xcdatamodeld */; };
		9E3801E421A4A3C2001870FA /* Map.swift in Sources */ = {isa = PBXBuildFile; fileRef = 9E3801DE21A4A3C1001870FA /* Map.swift */; };
		9E3801E521A4A3C2001870FA /* Photo+CoreDataProperties.swift in Sources */ = {isa = PBXBuildFile; fileRef = 9E3801DF21A4A3C1001870FA /* Photo+CoreDataProperties.swift */; };
		9E3801E621A4A3C2001870FA /* Pin+CoreDataClass.swift in Sources */ = {isa = PBXBuildFile; fileRef = 9E3801E021A4A3C1001870FA /* Pin+CoreDataClass.swift */; };
		9E3801E721A4A3C2001870FA /* Pin+CoreDataProperties.swift in Sources */ = {isa = PBXBuildFile; fileRef = 9E3801E121A4A3C1001870FA /* Pin+CoreDataProperties.swift */; };
		9E3801E821A4A3C2001870FA /* Photo+CoreDataClass.swift in Sources */ = {isa = PBXBuildFile; fileRef = 9E3801E221A4A3C2001870FA /* Photo+CoreDataClass.swift */; };
		9E3801EA21AB78C3001870FA /* PinPointAnnotation.swift in Sources */ = {isa = PBXBuildFile; fileRef = 9E3801E921AB78C3001870FA /* PinPointAnnotation.swift */; };
		9EADEC1821891B0000E0D636 /* AppDelegate.swift in Sources */ = {isa = PBXBuildFile; fileRef = 9EADEC1721891B0000E0D636 /* AppDelegate.swift */; };
		9EADEC1D21891B0000E0D636 /* Main.storyboard in Resources */ = {isa = PBXBuildFile; fileRef = 9EADEC1B21891B0000E0D636 /* Main.storyboard */; };
		9EADEC2221891B0300E0D636 /* Assets.xcassets in Resources */ = {isa = PBXBuildFile; fileRef = 9EADEC2121891B0300E0D636 /* Assets.xcassets */; };
		9EADEC2521891B0300E0D636 /* LaunchScreen.storyboard in Resources */ = {isa = PBXBuildFile; fileRef = 9EADEC2321891B0300E0D636 /* LaunchScreen.storyboard */; };
		9EADEC3021891B0300E0D636 /* MyTravelsTests.swift in Sources */ = {isa = PBXBuildFile; fileRef = 9EADEC2F21891B0300E0D636 /* MyTravelsTests.swift */; };
		9EADEC3B21891B0300E0D636 /* MyTravelsUITests.swift in Sources */ = {isa = PBXBuildFile; fileRef = 9EADEC3A21891B0300E0D636 /* MyTravelsUITests.swift */; };
		9EADEC4C21891C9F00E0D636 /* Loading.swift in Sources */ = {isa = PBXBuildFile; fileRef = 9EADEC4B21891C9F00E0D636 /* Loading.swift */; };
		9EADEC4E2189248500E0D636 /* ViewControllerExtension.swift in Sources */ = {isa = PBXBuildFile; fileRef = 9EADEC4D2189248500E0D636 /* ViewControllerExtension.swift */; };
/* End PBXBuildFile section */

/* Begin PBXContainerItemProxy section */
		9EADEC2C21891B0300E0D636 /* PBXContainerItemProxy */ = {
			isa = PBXContainerItemProxy;
			containerPortal = 9EADEC0C21891B0000E0D636 /* Project object */;
			proxyType = 1;
			remoteGlobalIDString = 9EADEC1321891B0000E0D636;
			remoteInfo = MyTravels;
		};
		9EADEC3721891B0300E0D636 /* PBXContainerItemProxy */ = {
			isa = PBXContainerItemProxy;
			containerPortal = 9EADEC0C21891B0000E0D636 /* Project object */;
			proxyType = 1;
			remoteGlobalIDString = 9EADEC1321891B0000E0D636;
			remoteInfo = MyTravels;
		};
/* End PBXContainerItemProxy section */

/* Begin PBXFileReference section */
		530CC56B21A75ECD00E1BCE0 /* CoreDataStack.swift */ = {isa = PBXFileReference; fileEncoding = 4; lastKnownFileType = sourcecode.swift; path = CoreDataStack.swift; sourceTree = "<group>"; };
		530CC57121AC2B6000E1BCE0 /* PhotoAlbumViewController.swift */ = {isa = PBXFileReference; fileEncoding = 4; lastKnownFileType = sourcecode.swift; path = PhotoAlbumViewController.swift; sourceTree = "<group>"; };
		53175026218B9E7D002A87FB /* LocationCollectionViewCell.swift */ = {isa = PBXFileReference; lastKnownFileType = sourcecode.swift; path = LocationCollectionViewCell.swift; sourceTree = "<group>"; };
		537C76612195FACB00451965 /* FlickerService.swift */ = {isa = PBXFileReference; lastKnownFileType = sourcecode.swift; path = FlickerService.swift; sourceTree = "<group>"; };
		53A1F1A5219377D70024BDD1 /* ServiceManager.swift */ = {isa = PBXFileReference; fileEncoding = 4; lastKnownFileType = sourcecode.swift; path = ServiceManager.swift; sourceTree = "<group>"; };
		53A1F1A721937C520024BDD1 /* Enums.swift */ = {isa = PBXFileReference; fileEncoding = 4; lastKnownFileType = sourcecode.swift; path = Enums.swift; sourceTree = "<group>"; };
		53A1F1A821937C520024BDD1 /* URLFactory.swift */ = {isa = PBXFileReference; fileEncoding = 4; lastKnownFileType = sourcecode.swift; path = URLFactory.swift; sourceTree = "<group>"; };
		53A1F1A921937C520024BDD1 /* EnvironmentVariables.swift */ = {isa = PBXFileReference; fileEncoding = 4; lastKnownFileType = sourcecode.swift; path = EnvironmentVariables.swift; sourceTree = "<group>"; };
		53A1F1AA21937C520024BDD1 /* JSONResponse.swift */ = {isa = PBXFileReference; fileEncoding = 4; lastKnownFileType = sourcecode.swift; path = JSONResponse.swift; sourceTree = "<group>"; };
		53A1F1AB21937C520024BDD1 /* ServiceError.swift */ = {isa = PBXFileReference; fileEncoding = 4; lastKnownFileType = sourcecode.swift; path = ServiceError.swift; sourceTree = "<group>"; };
		9E27AD0521894C3C00FFC5D2 /* AlertHelper.swift */ = {isa = PBXFileReference; lastKnownFileType = sourcecode.swift; path = AlertHelper.swift; sourceTree = "<group>"; };
		9E27AD0B21895DB600FFC5D2 /* MapViewController.swift */ = {isa = PBXFileReference; lastKnownFileType = sourcecode.swift; path = MapViewController.swift; sourceTree = "<group>"; };
		9E3801DD21A4A3C1001870FA /* Model.xcdatamodel */ = {isa = PBXFileReference; lastKnownFileType = wrapper.xcdatamodel; path = Model.xcdatamodel; sourceTree = "<group>"; };
		9E3801DE21A4A3C1001870FA /* Map.swift */ = {isa = PBXFileReference; fileEncoding = 4; lastKnownFileType = sourcecode.swift; path = Map.swift; sourceTree = "<group>"; };
		9E3801DF21A4A3C1001870FA /* Photo+CoreDataProperties.swift */ = {isa = PBXFileReference; fileEncoding = 4; lastKnownFileType = sourcecode.swift; path = "Photo+CoreDataProperties.swift"; sourceTree = "<group>"; };
		9E3801E021A4A3C1001870FA /* Pin+CoreDataClass.swift */ = {isa = PBXFileReference; fileEncoding = 4; lastKnownFileType = sourcecode.swift; path = "Pin+CoreDataClass.swift"; sourceTree = "<group>"; };
		9E3801E121A4A3C1001870FA /* Pin+CoreDataProperties.swift */ = {isa = PBXFileReference; fileEncoding = 4; lastKnownFileType = sourcecode.swift; path = "Pin+CoreDataProperties.swift"; sourceTree = "<group>"; };
		9E3801E221A4A3C2001870FA /* Photo+CoreDataClass.swift */ = {isa = PBXFileReference; fileEncoding = 4; lastKnownFileType = sourcecode.swift; path = "Photo+CoreDataClass.swift"; sourceTree = "<group>"; };
		9E3801E921AB78C3001870FA /* PinPointAnnotation.swift */ = {isa = PBXFileReference; fileEncoding = 4; lastKnownFileType = sourcecode.swift; path = PinPointAnnotation.swift; sourceTree = "<group>"; };
		9EADEC1421891B0000E0D636 /* MyTravels.app */ = {isa = PBXFileReference; explicitFileType = wrapper.application; includeInIndex = 0; path = MyTravels.app; sourceTree = BUILT_PRODUCTS_DIR; };
		9EADEC1721891B0000E0D636 /* AppDelegate.swift */ = {isa = PBXFileReference; lastKnownFileType = sourcecode.swift; path = AppDelegate.swift; sourceTree = "<group>"; };
		9EADEC1C21891B0000E0D636 /* Base */ = {isa = PBXFileReference; lastKnownFileType = file.storyboard; name = Base; path = Base.lproj/Main.storyboard; sourceTree = "<group>"; };
		9EADEC2121891B0300E0D636 /* Assets.xcassets */ = {isa = PBXFileReference; lastKnownFileType = folder.assetcatalog; path = Assets.xcassets; sourceTree = "<group>"; };
		9EADEC2421891B0300E0D636 /* Base */ = {isa = PBXFileReference; lastKnownFileType = file.storyboard; name = Base; path = Base.lproj/LaunchScreen.storyboard; sourceTree = "<group>"; };
		9EADEC2621891B0300E0D636 /* Info.plist */ = {isa = PBXFileReference; lastKnownFileType = text.plist.xml; path = Info.plist; sourceTree = "<group>"; };
		9EADEC2B21891B0300E0D636 /* MyTravelsTests.xctest */ = {isa = PBXFileReference; explicitFileType = wrapper.cfbundle; includeInIndex = 0; path = MyTravelsTests.xctest; sourceTree = BUILT_PRODUCTS_DIR; };
		9EADEC2F21891B0300E0D636 /* MyTravelsTests.swift */ = {isa = PBXFileReference; lastKnownFileType = sourcecode.swift; path = MyTravelsTests.swift; sourceTree = "<group>"; };
		9EADEC3121891B0300E0D636 /* Info.plist */ = {isa = PBXFileReference; lastKnownFileType = text.plist.xml; path = Info.plist; sourceTree = "<group>"; };
		9EADEC3621891B0300E0D636 /* MyTravelsUITests.xctest */ = {isa = PBXFileReference; explicitFileType = wrapper.cfbundle; includeInIndex = 0; path = MyTravelsUITests.xctest; sourceTree = BUILT_PRODUCTS_DIR; };
		9EADEC3A21891B0300E0D636 /* MyTravelsUITests.swift */ = {isa = PBXFileReference; lastKnownFileType = sourcecode.swift; path = MyTravelsUITests.swift; sourceTree = "<group>"; };
		9EADEC3C21891B0300E0D636 /* Info.plist */ = {isa = PBXFileReference; lastKnownFileType = text.plist.xml; path = Info.plist; sourceTree = "<group>"; };
		9EADEC4B21891C9F00E0D636 /* Loading.swift */ = {isa = PBXFileReference; lastKnownFileType = sourcecode.swift; path = Loading.swift; sourceTree = "<group>"; };
		9EADEC4D2189248500E0D636 /* ViewControllerExtension.swift */ = {isa = PBXFileReference; fileEncoding = 4; lastKnownFileType = sourcecode.swift; path = ViewControllerExtension.swift; sourceTree = "<group>"; };
/* End PBXFileReference section */

/* Begin PBXFrameworksBuildPhase section */
		9EADEC1121891B0000E0D636 /* Frameworks */ = {
			isa = PBXFrameworksBuildPhase;
			buildActionMask = 2147483647;
			files = (
			);
			runOnlyForDeploymentPostprocessing = 0;
		};
		9EADEC2821891B0300E0D636 /* Frameworks */ = {
			isa = PBXFrameworksBuildPhase;
			buildActionMask = 2147483647;
			files = (
			);
			runOnlyForDeploymentPostprocessing = 0;
		};
		9EADEC3321891B0300E0D636 /* Frameworks */ = {
			isa = PBXFrameworksBuildPhase;
			buildActionMask = 2147483647;
			files = (
			);
			runOnlyForDeploymentPostprocessing = 0;
		};
/* End PBXFrameworksBuildPhase section */

/* Begin PBXGroup section */
		530CC56A21A75ECD00E1BCE0 /* Database */ = {
			isa = PBXGroup;
			children = (
				530CC56B21A75ECD00E1BCE0 /* CoreDataStack.swift */,
			);
			path = Database;
			sourceTree = "<group>";
		};
		53175023218B9DE3002A87FB /* Cells */ = {
			isa = PBXGroup;
			children = (
				53175026218B9E7D002A87FB /* LocationCollectionViewCell.swift */,
			);
			path = Cells;
			sourceTree = "<group>";
		};
		531BCC532189FB7F00E0BFBB /* Extensions */ = {
			isa = PBXGroup;
			children = (
				9EADEC4D2189248500E0D636 /* ViewControllerExtension.swift */,
			);
			path = Extensions;
			sourceTree = "<group>";
		};
		53A1F1A4219377BF0024BDD1 /* Service */ = {
			isa = PBXGroup;
			children = (
				53A1F1A5219377D70024BDD1 /* ServiceManager.swift */,
				537C76612195FACB00451965 /* FlickerService.swift */,
			);
			path = Service;
			sourceTree = "<group>";
		};
		9E27AD0721895BC400FFC5D2 /* View */ = {
			isa = PBXGroup;
			children = (
				53175023218B9DE3002A87FB /* Cells */,
				9E27AD0A21895CBD00FFC5D2 /* ViewControllers */,
				9EADEC1B21891B0000E0D636 /* Main.storyboard */,
				9EADEC2321891B0300E0D636 /* LaunchScreen.storyboard */,
			);
			path = View;
			sourceTree = "<group>";
		};
		9E27AD0821895C4C00FFC5D2 /* Controller */ = {
			isa = PBXGroup;
			children = (
				530CC56A21A75ECD00E1BCE0 /* Database */,
				53A1F1A4219377BF0024BDD1 /* Service */,
			);
			path = Controller;
			sourceTree = "<group>";
		};
		9E27AD0A21895CBD00FFC5D2 /* ViewControllers */ = {
			isa = PBXGroup;
			children = (
				530CC57121AC2B6000E1BCE0 /* PhotoAlbumViewController.swift */,
				9E27AD0B21895DB600FFC5D2 /* MapViewController.swift */,
			);
			path = ViewControllers;
			sourceTree = "<group>";
		};
		9EADEC0B21891B0000E0D636 = {
			isa = PBXGroup;
			children = (
				9EADEC1621891B0000E0D636 /* MyTravels */,
				9EADEC2E21891B0300E0D636 /* MyTravelsTests */,
				9EADEC3921891B0300E0D636 /* MyTravelsUITests */,
				9EADEC1521891B0000E0D636 /* Products */,
			);
			sourceTree = "<group>";
		};
		9EADEC1521891B0000E0D636 /* Products */ = {
			isa = PBXGroup;
			children = (
				9EADEC1421891B0000E0D636 /* MyTravels.app */,
				9EADEC2B21891B0300E0D636 /* MyTravelsTests.xctest */,
				9EADEC3621891B0300E0D636 /* MyTravelsUITests.xctest */,
			);
			name = Products;
			sourceTree = "<group>";
		};
		9EADEC1621891B0000E0D636 /* MyTravels */ = {
			isa = PBXGroup;
			children = (
				9E27AD0821895C4C00FFC5D2 /* Controller */,
				9E27AD0721895BC400FFC5D2 /* View */,
				9EADEC4A21891C7800E0D636 /* Models */,
				9EADEC4821891B3500E0D636 /* Application */,
			);
			path = MyTravels;
			sourceTree = "<group>";
		};
		9EADEC2E21891B0300E0D636 /* MyTravelsTests */ = {
			isa = PBXGroup;
			children = (
				9EADEC2F21891B0300E0D636 /* MyTravelsTests.swift */,
				9EADEC3121891B0300E0D636 /* Info.plist */,
			);
			path = MyTravelsTests;
			sourceTree = "<group>";
		};
		9EADEC3921891B0300E0D636 /* MyTravelsUITests */ = {
			isa = PBXGroup;
			children = (
				9EADEC3A21891B0300E0D636 /* MyTravelsUITests.swift */,
				9EADEC3C21891B0300E0D636 /* Info.plist */,
			);
			path = MyTravelsUITests;
			sourceTree = "<group>";
		};
		9EADEC4821891B3500E0D636 /* Application */ = {
			isa = PBXGroup;
			children = (
				9EADEC1721891B0000E0D636 /* AppDelegate.swift */,
				9EADEC2621891B0300E0D636 /* Info.plist */,
			);
			path = Application;
			sourceTree = "<group>";
		};
		9EADEC4A21891C7800E0D636 /* Models */ = {
			isa = PBXGroup;
			children = (
				9E3801E921AB78C3001870FA /* PinPointAnnotation.swift */,
				9E3801DE21A4A3C1001870FA /* Map.swift */,
				9E3801DC21A4A3C1001870FA /* Model.xcdatamodeld */,
				9E3801E221A4A3C2001870FA /* Photo+CoreDataClass.swift */,
				9E3801DF21A4A3C1001870FA /* Photo+CoreDataProperties.swift */,
				9E3801E021A4A3C1001870FA /* Pin+CoreDataClass.swift */,
				9E3801E121A4A3C1001870FA /* Pin+CoreDataProperties.swift */,
				53A1F1A821937C520024BDD1 /* URLFactory.swift */,
				53A1F1A721937C520024BDD1 /* Enums.swift */,
				53A1F1A921937C520024BDD1 /* EnvironmentVariables.swift */,
				53A1F1AA21937C520024BDD1 /* JSONResponse.swift */,
				53A1F1AB21937C520024BDD1 /* ServiceError.swift */,
				531BCC532189FB7F00E0BFBB /* Extensions */,
				9EADEC2121891B0300E0D636 /* Assets.xcassets */,
				9EADEC4B21891C9F00E0D636 /* Loading.swift */,
				9E27AD0521894C3C00FFC5D2 /* AlertHelper.swift */,
			);
			path = Models;
			sourceTree = "<group>";
		};
/* End PBXGroup section */

/* Begin PBXNativeTarget section */
		9EADEC1321891B0000E0D636 /* MyTravels */ = {
			isa = PBXNativeTarget;
			buildConfigurationList = 9EADEC3F21891B0300E0D636 /* Build configuration list for PBXNativeTarget "MyTravels" */;
			buildPhases = (
				9EADEC1021891B0000E0D636 /* Sources */,
				9EADEC1121891B0000E0D636 /* Frameworks */,
				9EADEC1221891B0000E0D636 /* Resources */,
			);
			buildRules = (
			);
			dependencies = (
			);
			name = MyTravels;
			productName = MyTravels;
			productReference = 9EADEC1421891B0000E0D636 /* MyTravels.app */;
			productType = "com.apple.product-type.application";
		};
		9EADEC2A21891B0300E0D636 /* MyTravelsTests */ = {
			isa = PBXNativeTarget;
			buildConfigurationList = 9EADEC4221891B0300E0D636 /* Build configuration list for PBXNativeTarget "MyTravelsTests" */;
			buildPhases = (
				9EADEC2721891B0300E0D636 /* Sources */,
				9EADEC2821891B0300E0D636 /* Frameworks */,
				9EADEC2921891B0300E0D636 /* Resources */,
			);
			buildRules = (
			);
			dependencies = (
				9EADEC2D21891B0300E0D636 /* PBXTargetDependency */,
			);
			name = MyTravelsTests;
			productName = MyTravelsTests;
			productReference = 9EADEC2B21891B0300E0D636 /* MyTravelsTests.xctest */;
			productType = "com.apple.product-type.bundle.unit-test";
		};
		9EADEC3521891B0300E0D636 /* MyTravelsUITests */ = {
			isa = PBXNativeTarget;
			buildConfigurationList = 9EADEC4521891B0300E0D636 /* Build configuration list for PBXNativeTarget "MyTravelsUITests" */;
			buildPhases = (
				9EADEC3221891B0300E0D636 /* Sources */,
				9EADEC3321891B0300E0D636 /* Frameworks */,
				9EADEC3421891B0300E0D636 /* Resources */,
			);
			buildRules = (
			);
			dependencies = (
				9EADEC3821891B0300E0D636 /* PBXTargetDependency */,
			);
			name = MyTravelsUITests;
			productName = MyTravelsUITests;
			productReference = 9EADEC3621891B0300E0D636 /* MyTravelsUITests.xctest */;
			productType = "com.apple.product-type.bundle.ui-testing";
		};
/* End PBXNativeTarget section */

/* Begin PBXProject section */
		9EADEC0C21891B0000E0D636 /* Project object */ = {
			isa = PBXProject;
			attributes = {
				LastSwiftUpdateCheck = 1000;
				LastUpgradeCheck = 1000;
				ORGANIZATIONNAME = "Rafael Cunha de Oliveira";
				TargetAttributes = {
					9EADEC1321891B0000E0D636 = {
						CreatedOnToolsVersion = 10.0;
					};
					9EADEC2A21891B0300E0D636 = {
						CreatedOnToolsVersion = 10.0;
						TestTargetID = 9EADEC1321891B0000E0D636;
					};
					9EADEC3521891B0300E0D636 = {
						CreatedOnToolsVersion = 10.0;
						TestTargetID = 9EADEC1321891B0000E0D636;
					};
				};
			};
			buildConfigurationList = 9EADEC0F21891B0000E0D636 /* Build configuration list for PBXProject "MyTravels" */;
			compatibilityVersion = "Xcode 9.3";
			developmentRegion = en;
			hasScannedForEncodings = 0;
			knownRegions = (
				en,
				Base,
			);
			mainGroup = 9EADEC0B21891B0000E0D636;
			productRefGroup = 9EADEC1521891B0000E0D636 /* Products */;
			projectDirPath = "";
			projectRoot = "";
			targets = (
				9EADEC1321891B0000E0D636 /* MyTravels */,
				9EADEC2A21891B0300E0D636 /* MyTravelsTests */,
				9EADEC3521891B0300E0D636 /* MyTravelsUITests */,
			);
		};
/* End PBXProject section */

/* Begin PBXResourcesBuildPhase section */
		9EADEC1221891B0000E0D636 /* Resources */ = {
			isa = PBXResourcesBuildPhase;
			buildActionMask = 2147483647;
			files = (
				9EADEC2521891B0300E0D636 /* LaunchScreen.storyboard in Resources */,
				9EADEC2221891B0300E0D636 /* Assets.xcassets in Resources */,
				9EADEC1D21891B0000E0D636 /* Main.storyboard in Resources */,
			);
			runOnlyForDeploymentPostprocessing = 0;
		};
		9EADEC2921891B0300E0D636 /* Resources */ = {
			isa = PBXResourcesBuildPhase;
			buildActionMask = 2147483647;
			files = (
			);
			runOnlyForDeploymentPostprocessing = 0;
		};
		9EADEC3421891B0300E0D636 /* Resources */ = {
			isa = PBXResourcesBuildPhase;
			buildActionMask = 2147483647;
			files = (
			);
			runOnlyForDeploymentPostprocessing = 0;
		};
/* End PBXResourcesBuildPhase section */

/* Begin PBXSourcesBuildPhase section */
		9EADEC1021891B0000E0D636 /* Sources */ = {
			isa = PBXSourcesBuildPhase;
			buildActionMask = 2147483647;
			files = (
				530CC56C21A75ECD00E1BCE0 /* CoreDataStack.swift in Sources */,
				9E27AD0621894C3C00FFC5D2 /* AlertHelper.swift in Sources */,
				53A1F1AD21937C520024BDD1 /* URLFactory.swift in Sources */,
				9E3801E421A4A3C2001870FA /* Map.swift in Sources */,
				9E3801E321A4A3C2001870FA /* Model.xcdatamodeld in Sources */,
				9E27AD0C21895DB600FFC5D2 /* MapViewController.swift in Sources */,
				9E3801E521A4A3C2001870FA /* Photo+CoreDataProperties.swift in Sources */,
				53A1F1AC21937C520024BDD1 /* Enums.swift in Sources */,
				530CC57221AC2B6000E1BCE0 /* PhotoAlbumViewController.swift in Sources */,
				9EADEC4C21891C9F00E0D636 /* Loading.swift in Sources */,
				53175027218B9E7D002A87FB /* LocationCollectionViewCell.swift in Sources */,
				9E3801E621A4A3C2001870FA /* Pin+CoreDataClass.swift in Sources */,
				9E3801EA21AB78C3001870FA /* PinPointAnnotation.swift in Sources */,
				9E3801E821A4A3C2001870FA /* Photo+CoreDataClass.swift in Sources */,
				53A1F1A6219377D70024BDD1 /* ServiceManager.swift in Sources */,
				9E3801E721A4A3C2001870FA /* Pin+CoreDataProperties.swift in Sources */,
				9EADEC4E2189248500E0D636 /* ViewControllerExtension.swift in Sources */,
				9EADEC1821891B0000E0D636 /* AppDelegate.swift in Sources */,
				53A1F1AE21937C520024BDD1 /* EnvironmentVariables.swift in Sources */,
				537C76622195FACB00451965 /* FlickerService.swift in Sources */,
				53A1F1B021937C520024BDD1 /* ServiceError.swift in Sources */,
				53A1F1AF21937C520024BDD1 /* JSONResponse.swift in Sources */,
			);
			runOnlyForDeploymentPostprocessing = 0;
		};
		9EADEC2721891B0300E0D636 /* Sources */ = {
			isa = PBXSourcesBuildPhase;
			buildActionMask = 2147483647;
			files = (
				9EADEC3021891B0300E0D636 /* MyTravelsTests.swift in Sources */,
			);
			runOnlyForDeploymentPostprocessing = 0;
		};
		9EADEC3221891B0300E0D636 /* Sources */ = {
			isa = PBXSourcesBuildPhase;
			buildActionMask = 2147483647;
			files = (
				9EADEC3B21891B0300E0D636 /* MyTravelsUITests.swift in Sources */,
			);
			runOnlyForDeploymentPostprocessing = 0;
		};
/* End PBXSourcesBuildPhase section */

/* Begin PBXTargetDependency section */
		9EADEC2D21891B0300E0D636 /* PBXTargetDependency */ = {
			isa = PBXTargetDependency;
			target = 9EADEC1321891B0000E0D636 /* MyTravels */;
			targetProxy = 9EADEC2C21891B0300E0D636 /* PBXContainerItemProxy */;
		};
		9EADEC3821891B0300E0D636 /* PBXTargetDependency */ = {
			isa = PBXTargetDependency;
			target = 9EADEC1321891B0000E0D636 /* MyTravels */;
			targetProxy = 9EADEC3721891B0300E0D636 /* PBXContainerItemProxy */;
		};
/* End PBXTargetDependency section */

/* Begin PBXVariantGroup section */
		9EADEC1B21891B0000E0D636 /* Main.storyboard */ = {
			isa = PBXVariantGroup;
			children = (
				9EADEC1C21891B0000E0D636 /* Base */,
			);
			name = Main.storyboard;
			sourceTree = "<group>";
		};
		9EADEC2321891B0300E0D636 /* LaunchScreen.storyboard */ = {
			isa = PBXVariantGroup;
			children = (
				9EADEC2421891B0300E0D636 /* Base */,
			);
			name = LaunchScreen.storyboard;
			sourceTree = "<group>";
		};
/* End PBXVariantGroup section */

/* Begin XCBuildConfiguration section */
		9EADEC3D21891B0300E0D636 /* Debug */ = {
			isa = XCBuildConfiguration;
			buildSettings = {
				ALWAYS_SEARCH_USER_PATHS = NO;
				CLANG_ANALYZER_NONNULL = YES;
				CLANG_ANALYZER_NUMBER_OBJECT_CONVERSION = YES_AGGRESSIVE;
				CLANG_CXX_LANGUAGE_STANDARD = "gnu++14";
				CLANG_CXX_LIBRARY = "libc++";
				CLANG_ENABLE_MODULES = YES;
				CLANG_ENABLE_OBJC_ARC = YES;
				CLANG_ENABLE_OBJC_WEAK = YES;
				CLANG_WARN_BLOCK_CAPTURE_AUTORELEASING = YES;
				CLANG_WARN_BOOL_CONVERSION = YES;
				CLANG_WARN_COMMA = YES;
				CLANG_WARN_CONSTANT_CONVERSION = YES;
				CLANG_WARN_DEPRECATED_OBJC_IMPLEMENTATIONS = YES;
				CLANG_WARN_DIRECT_OBJC_ISA_USAGE = YES_ERROR;
				CLANG_WARN_DOCUMENTATION_COMMENTS = YES;
				CLANG_WARN_EMPTY_BODY = YES;
				CLANG_WARN_ENUM_CONVERSION = YES;
				CLANG_WARN_INFINITE_RECURSION = YES;
				CLANG_WARN_INT_CONVERSION = YES;
				CLANG_WARN_NON_LITERAL_NULL_CONVERSION = YES;
				CLANG_WARN_OBJC_IMPLICIT_RETAIN_SELF = YES;
				CLANG_WARN_OBJC_LITERAL_CONVERSION = YES;
				CLANG_WARN_OBJC_ROOT_CLASS = YES_ERROR;
				CLANG_WARN_RANGE_LOOP_ANALYSIS = YES;
				CLANG_WARN_STRICT_PROTOTYPES = YES;
				CLANG_WARN_SUSPICIOUS_MOVE = YES;
				CLANG_WARN_UNGUARDED_AVAILABILITY = YES_AGGRESSIVE;
				CLANG_WARN_UNREACHABLE_CODE = YES;
				CLANG_WARN__DUPLICATE_METHOD_MATCH = YES;
				CODE_SIGN_IDENTITY = "iPhone Developer";
				COPY_PHASE_STRIP = NO;
				DEBUG_INFORMATION_FORMAT = dwarf;
				ENABLE_STRICT_OBJC_MSGSEND = YES;
				ENABLE_TESTABILITY = YES;
				GCC_C_LANGUAGE_STANDARD = gnu11;
				GCC_DYNAMIC_NO_PIC = NO;
				GCC_NO_COMMON_BLOCKS = YES;
				GCC_OPTIMIZATION_LEVEL = 0;
				GCC_PREPROCESSOR_DEFINITIONS = (
					"DEBUG=1",
					"$(inherited)",
				);
				GCC_WARN_64_TO_32_BIT_CONVERSION = YES;
				GCC_WARN_ABOUT_RETURN_TYPE = YES_ERROR;
				GCC_WARN_UNDECLARED_SELECTOR = YES;
				GCC_WARN_UNINITIALIZED_AUTOS = YES_AGGRESSIVE;
				GCC_WARN_UNUSED_FUNCTION = YES;
				GCC_WARN_UNUSED_VARIABLE = YES;
				IPHONEOS_DEPLOYMENT_TARGET = 12.0;
				MTL_ENABLE_DEBUG_INFO = INCLUDE_SOURCE;
				MTL_FAST_MATH = YES;
				ONLY_ACTIVE_ARCH = YES;
				SDKROOT = iphoneos;
				SWIFT_ACTIVE_COMPILATION_CONDITIONS = DEBUG;
				SWIFT_OPTIMIZATION_LEVEL = "-Onone";
			};
			name = Debug;
		};
		9EADEC3E21891B0300E0D636 /* Release */ = {
			isa = XCBuildConfiguration;
			buildSettings = {
				ALWAYS_SEARCH_USER_PATHS = NO;
				CLANG_ANALYZER_NONNULL = YES;
				CLANG_ANALYZER_NUMBER_OBJECT_CONVERSION = YES_AGGRESSIVE;
				CLANG_CXX_LANGUAGE_STANDARD = "gnu++14";
				CLANG_CXX_LIBRARY = "libc++";
				CLANG_ENABLE_MODULES = YES;
				CLANG_ENABLE_OBJC_ARC = YES;
				CLANG_ENABLE_OBJC_WEAK = YES;
				CLANG_WARN_BLOCK_CAPTURE_AUTORELEASING = YES;
				CLANG_WARN_BOOL_CONVERSION = YES;
				CLANG_WARN_COMMA = YES;
				CLANG_WARN_CONSTANT_CONVERSION = YES;
				CLANG_WARN_DEPRECATED_OBJC_IMPLEMENTATIONS = YES;
				CLANG_WARN_DIRECT_OBJC_ISA_USAGE = YES_ERROR;
				CLANG_WARN_DOCUMENTATION_COMMENTS = YES;
				CLANG_WARN_EMPTY_BODY = YES;
				CLANG_WARN_ENUM_CONVERSION = YES;
				CLANG_WARN_INFINITE_RECURSION = YES;
				CLANG_WARN_INT_CONVERSION = YES;
				CLANG_WARN_NON_LITERAL_NULL_CONVERSION = YES;
				CLANG_WARN_OBJC_IMPLICIT_RETAIN_SELF = YES;
				CLANG_WARN_OBJC_LITERAL_CONVERSION = YES;
				CLANG_WARN_OBJC_ROOT_CLASS = YES_ERROR;
				CLANG_WARN_RANGE_LOOP_ANALYSIS = YES;
				CLANG_WARN_STRICT_PROTOTYPES = YES;
				CLANG_WARN_SUSPICIOUS_MOVE = YES;
				CLANG_WARN_UNGUARDED_AVAILABILITY = YES_AGGRESSIVE;
				CLANG_WARN_UNREACHABLE_CODE = YES;
				CLANG_WARN__DUPLICATE_METHOD_MATCH = YES;
				CODE_SIGN_IDENTITY = "iPhone Developer";
				COPY_PHASE_STRIP = NO;
				DEBUG_INFORMATION_FORMAT = "dwarf-with-dsym";
				ENABLE_NS_ASSERTIONS = NO;
				ENABLE_STRICT_OBJC_MSGSEND = YES;
				GCC_C_LANGUAGE_STANDARD = gnu11;
				GCC_NO_COMMON_BLOCKS = YES;
				GCC_WARN_64_TO_32_BIT_CONVERSION = YES;
				GCC_WARN_ABOUT_RETURN_TYPE = YES_ERROR;
				GCC_WARN_UNDECLARED_SELECTOR = YES;
				GCC_WARN_UNINITIALIZED_AUTOS = YES_AGGRESSIVE;
				GCC_WARN_UNUSED_FUNCTION = YES;
				GCC_WARN_UNUSED_VARIABLE = YES;
				IPHONEOS_DEPLOYMENT_TARGET = 12.0;
				MTL_ENABLE_DEBUG_INFO = NO;
				MTL_FAST_MATH = YES;
				SDKROOT = iphoneos;
				SWIFT_COMPILATION_MODE = wholemodule;
				SWIFT_OPTIMIZATION_LEVEL = "-O";
				VALIDATE_PRODUCT = YES;
			};
			name = Release;
		};
		9EADEC4021891B0300E0D636 /* Debug */ = {
			isa = XCBuildConfiguration;
			buildSettings = {
				ASSETCATALOG_COMPILER_APPICON_NAME = AppIcon;
				CODE_SIGN_STYLE = Automatic;
				DEVELOPMENT_TEAM = HD7HJ37Q3Q;
				INFOPLIST_FILE = MyTravels/Application/Info.plist;
				LD_RUNPATH_SEARCH_PATHS = (
					"$(inherited)",
					"@executable_path/Frameworks",
				);
				PRODUCT_BUNDLE_IDENTIFIER = rco.MyTravels123;
				PRODUCT_NAME = "$(TARGET_NAME)";
				SWIFT_VERSION = 4.2;
				TARGETED_DEVICE_FAMILY = "1,2";
			};
			name = Debug;
		};
		9EADEC4121891B0300E0D636 /* Release */ = {
			isa = XCBuildConfiguration;
			buildSettings = {
				ASSETCATALOG_COMPILER_APPICON_NAME = AppIcon;
				CODE_SIGN_STYLE = Automatic;
				DEVELOPMENT_TEAM = HD7HJ37Q3Q;
				INFOPLIST_FILE = MyTravels/Application/Info.plist;
				LD_RUNPATH_SEARCH_PATHS = (
					"$(inherited)",
					"@executable_path/Frameworks",
				);
				PRODUCT_BUNDLE_IDENTIFIER = rco.MyTravels123;
				PRODUCT_NAME = "$(TARGET_NAME)";
				SWIFT_VERSION = 4.2;
				TARGETED_DEVICE_FAMILY = "1,2";
			};
			name = Release;
		};
		9EADEC4321891B0300E0D636 /* Debug */ = {
			isa = XCBuildConfiguration;
			buildSettings = {
				ALWAYS_EMBED_SWIFT_STANDARD_LIBRARIES = YES;
				BUNDLE_LOADER = "$(TEST_HOST)";
				CODE_SIGN_STYLE = Automatic;
				INFOPLIST_FILE = MyTravelsTests/Info.plist;
				LD_RUNPATH_SEARCH_PATHS = (
					"$(inherited)",
					"@executable_path/Frameworks",
					"@loader_path/Frameworks",
				);
				PRODUCT_BUNDLE_IDENTIFIER = rco.MyTravelsTests;
				PRODUCT_NAME = "$(TARGET_NAME)";
				SWIFT_VERSION = 4.2;
				TARGETED_DEVICE_FAMILY = "1,2";
				TEST_HOST = "$(BUILT_PRODUCTS_DIR)/MyTravels.app/MyTravels";
			};
			name = Debug;
		};
		9EADEC4421891B0300E0D636 /* Release */ = {
			isa = XCBuildConfiguration;
			buildSettings = {
				ALWAYS_EMBED_SWIFT_STANDARD_LIBRARIES = YES;
				BUNDLE_LOADER = "$(TEST_HOST)";
				CODE_SIGN_STYLE = Automatic;
				INFOPLIST_FILE = MyTravelsTests/Info.plist;
				LD_RUNPATH_SEARCH_PATHS = (
					"$(inherited)",
					"@executable_path/Frameworks",
					"@loader_path/Frameworks",
				);
				PRODUCT_BUNDLE_IDENTIFIER = rco.MyTravelsTests;
				PRODUCT_NAME = "$(TARGET_NAME)";
				SWIFT_VERSION = 4.2;
				TARGETED_DEVICE_FAMILY = "1,2";
				TEST_HOST = "$(BUILT_PRODUCTS_DIR)/MyTravels.app/MyTravels";
			};
			name = Release;
		};
		9EADEC4621891B0300E0D636 /* Debug */ = {
			isa = XCBuildConfiguration;
			buildSettings = {
				ALWAYS_EMBED_SWIFT_STANDARD_LIBRARIES = YES;
				CODE_SIGN_STYLE = Automatic;
				INFOPLIST_FILE = MyTravelsUITests/Info.plist;
				LD_RUNPATH_SEARCH_PATHS = (
					"$(inherited)",
					"@executable_path/Frameworks",
					"@loader_path/Frameworks",
				);
				PRODUCT_BUNDLE_IDENTIFIER = rco.MyTravelsUITests;
				PRODUCT_NAME = "$(TARGET_NAME)";
				SWIFT_VERSION = 4.2;
				TARGETED_DEVICE_FAMILY = "1,2";
				TEST_TARGET_NAME = MyTravels;
			};
			name = Debug;
		};
		9EADEC4721891B0300E0D636 /* Release */ = {
			isa = XCBuildConfiguration;
			buildSettings = {
				ALWAYS_EMBED_SWIFT_STANDARD_LIBRARIES = YES;
				CODE_SIGN_STYLE = Automatic;
				INFOPLIST_FILE = MyTravelsUITests/Info.plist;
				LD_RUNPATH_SEARCH_PATHS = (
					"$(inherited)",
					"@executable_path/Frameworks",
					"@loader_path/Frameworks",
				);
				PRODUCT_BUNDLE_IDENTIFIER = rco.MyTravelsUITests;
				PRODUCT_NAME = "$(TARGET_NAME)";
				SWIFT_VERSION = 4.2;
				TARGETED_DEVICE_FAMILY = "1,2";
				TEST_TARGET_NAME = MyTravels;
			};
			name = Release;
		};
/* End XCBuildConfiguration section */

/* Begin XCConfigurationList section */
		9EADEC0F21891B0000E0D636 /* Build configuration list for PBXProject "MyTravels" */ = {
			isa = XCConfigurationList;
			buildConfigurations = (
				9EADEC3D21891B0300E0D636 /* Debug */,
				9EADEC3E21891B0300E0D636 /* Release */,
			);
			defaultConfigurationIsVisible = 0;
			defaultConfigurationName = Release;
		};
		9EADEC3F21891B0300E0D636 /* Build configuration list for PBXNativeTarget "MyTravels" */ = {
			isa = XCConfigurationList;
			buildConfigurations = (
				9EADEC4021891B0300E0D636 /* Debug */,
				9EADEC4121891B0300E0D636 /* Release */,
			);
			defaultConfigurationIsVisible = 0;
			defaultConfigurationName = Release;
		};
		9EADEC4221891B0300E0D636 /* Build configuration list for PBXNativeTarget "MyTravelsTests" */ = {
			isa = XCConfigurationList;
			buildConfigurations = (
				9EADEC4321891B0300E0D636 /* Debug */,
				9EADEC4421891B0300E0D636 /* Release */,
			);
			defaultConfigurationIsVisible = 0;
			defaultConfigurationName = Release;
		};
		9EADEC4521891B0300E0D636 /* Build configuration list for PBXNativeTarget "MyTravelsUITests" */ = {
			isa = XCConfigurationList;
			buildConfigurations = (
				9EADEC4621891B0300E0D636 /* Debug */,
				9EADEC4721891B0300E0D636 /* Release */,
			);
			defaultConfigurationIsVisible = 0;
			defaultConfigurationName = Release;
		};
/* End XCConfigurationList section */

/* Begin XCVersionGroup section */
		9E3801DC21A4A3C1001870FA /* Model.xcdatamodeld */ = {
			isa = XCVersionGroup;
			children = (
				9E3801DD21A4A3C1001870FA /* Model.xcdatamodel */,
			);
			currentVersion = 9E3801DD21A4A3C1001870FA /* Model.xcdatamodel */;
			path = Model.xcdatamodeld;
			sourceTree = "<group>";
			versionGroupType = wrapper.xcdatamodel;
		};
/* End XCVersionGroup section */
	};
	rootObject = 9EADEC0C21891B0000E0D636 /* Project object */;
}
